<?xml version="1.0" encoding="utf-8"?>
<Project ToolsVersion="4.0" xmlns="http://schemas.microsoft.com/developer/msbuild/2003">
  <ItemGroup>
    <Filter Include="App">
      <UniqueIdentifier>{4FC737F1-C7A5-4376-A066-2A32D752A2FF}</UniqueIdentifier>
      <Extensions>cpp;c;cc;cxx;c++;cppm;ixx;def;odl;idl;hpj;bat;asm;asmx</Extensions>
    </Filter>
    <Filter Include="GameEngine">
      <UniqueIdentifier>{dc78a097-dd87-43bb-a0dc-c41de580f15e}</UniqueIdentifier>
    </Filter>
    <Filter Include="GameEngine\WindowingSystem">
      <UniqueIdentifier>{09bb4af8-dd47-48f7-a82f-688fe11336d2}</UniqueIdentifier>
    </Filter>
    <Filter Include="GameEngine\GraphicsEngine">
      <UniqueIdentifier>{4cdcac8f-fccd-4b28-9949-655f21e5c459}</UniqueIdentifier>
    </Filter>
    <Filter Include="GameEngine\Math">
      <UniqueIdentifier>{ecbe9456-2b98-4c85-b2a1-28cf414b3f5e}</UniqueIdentifier>
    </Filter>
    <Filter Include="GameEngine\InputSystem">
      <UniqueIdentifier>{29f1bfd9-257b-4725-b23b-24dd5dc6d3dd}</UniqueIdentifier>
    </Filter>
    <Filter Include="GameEngine\GraphicsEngine\RenderSystem">
      <UniqueIdentifier>{f0f34643-387f-440c-ae2b-6b138bfa5d45}</UniqueIdentifier>
    </Filter>
    <Filter Include="GameEngine\GraphicsEngine\RenderSystem\VertexShader">
      <UniqueIdentifier>{5c15912f-fe5b-401b-b201-646f11f59a7c}</UniqueIdentifier>
    </Filter>
    <Filter Include="GameEngine\GraphicsEngine\RenderSystem\VertexBuffer">
      <UniqueIdentifier>{2437b6e0-31c2-43b6-b220-1fe870d84c42}</UniqueIdentifier>
    </Filter>
    <Filter Include="GameEngine\GraphicsEngine\RenderSystem\SwapChain">
      <UniqueIdentifier>{250c3a46-ff34-4707-a717-9c2b64dad168}</UniqueIdentifier>
    </Filter>
    <Filter Include="GameEngine\GraphicsEngine\RenderSystem\PixelShader">
      <UniqueIdentifier>{bdcd7fcd-59b3-42f5-9638-3258a71da0d5}</UniqueIdentifier>
    </Filter>
    <Filter Include="GameEngine\GraphicsEngine\RenderSystem\IndexBuffer">
      <UniqueIdentifier>{c322bb80-f46b-4156-9315-e852b9d0c301}</UniqueIdentifier>
    </Filter>
    <Filter Include="GameEngine\GraphicsEngine\RenderSystem\DeviceContext">
      <UniqueIdentifier>{b054dc30-3e5e-4cdd-acf0-80165fc08757}</UniqueIdentifier>
    </Filter>
    <Filter Include="GameEngine\GraphicsEngine\RenderSystem\ConstantBuffer">
      <UniqueIdentifier>{ab5083b5-a117-4b32-80c6-9cc100994179}</UniqueIdentifier>
    </Filter>
    <Filter Include="GameEngine\GraphicsEngine\ResourceManager">
      <UniqueIdentifier>{81c63f16-c566-44d6-8295-044d71065153}</UniqueIdentifier>
    </Filter>
    <Filter Include="GameEngine\GraphicsEngine\ResourceManager\TextureManager">
      <UniqueIdentifier>{d75c4fd5-d886-440f-bab7-9e75584727ab}</UniqueIdentifier>
    </Filter>
    <Filter Include="GameEngine\GraphicsEngine\ResourceManager\MeshManager">
      <UniqueIdentifier>{964a5382-fb06-4454-be7a-0cfa90bb7f8a}</UniqueIdentifier>
    </Filter>
    <Filter Include="App\Shaders">
      <UniqueIdentifier>{c4866293-f308-415c-a871-a99eb475988d}</UniqueIdentifier>
    </Filter>
    <Filter Include="App\Shaders\EarthShader">
      <UniqueIdentifier>{caaf4cee-45ab-45d9-9556-0061eb9949b0}</UniqueIdentifier>
    </Filter>
    <Filter Include="App\Shaders\PointLightShader">
      <UniqueIdentifier>{353e0683-b261-46d3-8906-5491f215e2f6}</UniqueIdentifier>
    </Filter>
  </ItemGroup>
  <ItemGroup>
    <ClCompile Include="main.cpp">
      <Filter>App</Filter>
    </ClCompile>
    <ClCompile Include="AppWindow.cpp">
      <Filter>App</Filter>
    </ClCompile>
    <ClCompile Include="Window.cpp">
      <Filter>GameEngine\WindowingSystem</Filter>
    </ClCompile>
    <ClCompile Include="GraphicsEngine.cpp">
      <Filter>GameEngine\GraphicsEngine</Filter>
    </ClCompile>
    <ClCompile Include="SwapChain.cpp">
      <Filter>GameEngine\GraphicsEngine\RenderSystem\SwapChain</Filter>
    </ClCompile>
    <ClCompile Include="DeviceContext.cpp">
      <Filter>GameEngine\GraphicsEngine\RenderSystem\DeviceContext</Filter>
    </ClCompile>
    <ClCompile Include="VertexBuffer.cpp">
      <Filter>GameEngine\GraphicsEngine\RenderSystem\VertexBuffer</Filter>
    </ClCompile>
    <ClCompile Include="VertexShader.cpp">
      <Filter>GameEngine\GraphicsEngine\RenderSystem\VertexShader</Filter>
    </ClCompile>
    <ClCompile Include="PixelShader.cpp">
      <Filter>GameEngine\GraphicsEngine\RenderSystem\PixelShader</Filter>
    </ClCompile>
    <ClCompile Include="ConstantBuffer.cpp">
      <Filter>GameEngine\GraphicsEngine\RenderSystem\ConstantBuffer</Filter>
    </ClCompile>
    <ClCompile Include="IndexBuffer.cpp">
      <Filter>GameEngine\GraphicsEngine\RenderSystem\IndexBuffer</Filter>
    </ClCompile>
    <ClCompile Include="InputSystem.cpp">
      <Filter>GameEngine\InputSystem</Filter>
    </ClCompile>
    <ClCompile Include="RenderSystem.cpp">
      <Filter>GameEngine\GraphicsEngine\RenderSystem</Filter>
    </ClCompile>
    <ClCompile Include="Resource.cpp">
      <Filter>GameEngine\GraphicsEngine\ResourceManager</Filter>
    </ClCompile>
    <ClCompile Include="ResourceManager.cpp">
      <Filter>GameEngine\GraphicsEngine\ResourceManager</Filter>
    </ClCompile>
    <ClCompile Include="TextureManager.cpp">
      <Filter>GameEngine\GraphicsEngine\ResourceManager\TextureManager</Filter>
    </ClCompile>
    <ClCompile Include="Texture.cpp">
      <Filter>GameEngine\GraphicsEngine\ResourceManager\TextureManager</Filter>
    </ClCompile>
    <ClCompile Include="Vector2D.cpp">
      <Filter>App</Filter>
    </ClCompile>
    <ClCompile Include="Mesh.cpp">
      <Filter>GameEngine\GraphicsEngine\ResourceManager\MeshManager</Filter>
    </ClCompile>
    <ClCompile Include="MeshManager.cpp">
      <Filter>GameEngine\GraphicsEngine\ResourceManager\MeshManager</Filter>
    </ClCompile>
  </ItemGroup>
  <ItemGroup>
    <ClInclude Include="AppWindow.h">
      <Filter>App</Filter>
    </ClInclude>
    <ClInclude Include="Window.h">
      <Filter>GameEngine\WindowingSystem</Filter>
    </ClInclude>
    <ClInclude Include="GraphicsEngine.h">
      <Filter>GameEngine\GraphicsEngine</Filter>
    </ClInclude>
    <ClInclude Include="SwapChain.h">
      <Filter>GameEngine\GraphicsEngine\RenderSystem\SwapChain</Filter>
    </ClInclude>
    <ClInclude Include="DeviceContext.h">
      <Filter>GameEngine\GraphicsEngine\RenderSystem\DeviceContext</Filter>
    </ClInclude>
    <ClInclude Include="VertexBuffer.h">
      <Filter>GameEngine\GraphicsEngine\RenderSystem\VertexBuffer</Filter>
    </ClInclude>
    <ClInclude Include="VertexShader.h">
      <Filter>GameEngine\GraphicsEngine\RenderSystem\VertexShader</Filter>
    </ClInclude>
    <ClInclude Include="PixelShader.h">
      <Filter>GameEngine\GraphicsEngine\RenderSystem\PixelShader</Filter>
    </ClInclude>
    <ClInclude Include="ConstantBuffer.h">
      <Filter>GameEngine\GraphicsEngine\RenderSystem\ConstantBuffer</Filter>
    </ClInclude>
    <ClInclude Include="Vector3D.h">
      <Filter>GameEngine\Math</Filter>
    </ClInclude>
    <ClInclude Include="Matrix4x4.h">
      <Filter>GameEngine\Math</Filter>
    </ClInclude>
    <ClInclude Include="IndexBuffer.h">
      <Filter>GameEngine\GraphicsEngine\RenderSystem\IndexBuffer</Filter>
    </ClInclude>
    <ClInclude Include="InputSystem.h">
      <Filter>GameEngine\InputSystem</Filter>
    </ClInclude>
    <ClInclude Include="InputListener.h">
      <Filter>GameEngine\InputSystem</Filter>
    </ClInclude>
    <ClInclude Include="Point.h">
      <Filter>GameEngine\Math</Filter>
    </ClInclude>
    <ClInclude Include="Vector4D.h">
      <Filter>GameEngine\Math</Filter>
    </ClInclude>
    <ClInclude Include="RenderSystem.h">
      <Filter>GameEngine\GraphicsEngine\RenderSystem</Filter>
    </ClInclude>
    <ClInclude Include="Prerequisites.h">
      <Filter>GameEngine\GraphicsEngine</Filter>
    </ClInclude>
    <ClInclude Include="ResourceManager.h">
      <Filter>GameEngine\GraphicsEngine\ResourceManager</Filter>
    </ClInclude>
    <ClInclude Include="Resource.h">
      <Filter>GameEngine\GraphicsEngine\ResourceManager</Filter>
    </ClInclude>
    <ClInclude Include="TextureManager.h">
      <Filter>GameEngine\GraphicsEngine\ResourceManager\TextureManager</Filter>
    </ClInclude>
    <ClInclude Include="Texture.h">
      <Filter>GameEngine\GraphicsEngine\ResourceManager\TextureManager</Filter>
    </ClInclude>
    <ClInclude Include="Vector2D.h">
      <Filter>GameEngine\Math</Filter>
    </ClInclude>
    <ClInclude Include="Mesh.h">
      <Filter>GameEngine\GraphicsEngine\ResourceManager\MeshManager</Filter>
    </ClInclude>
    <ClInclude Include="MeshManager.h">
      <Filter>GameEngine\GraphicsEngine\ResourceManager\MeshManager</Filter>
    </ClInclude>
    <ClInclude Include="VertexMesh.h">
      <Filter>GameEngine\Math</Filter>
    </ClInclude>
  </ItemGroup>
  <ItemGroup>
    <FxCompile Include="VertexMeshLayoutShader.hlsl">
      <Filter>GameEngine\GraphicsEngine</Filter>
    </FxCompile>
    <FxCompile Include="SkyBoxShader.hlsl">
      <Filter>App\Shaders</Filter>
    </FxCompile>
    <FxCompile Include="VertexShader.hlsl">
      <Filter>App\Shaders\EarthShader</Filter>
    </FxCompile>
    <FxCompile Include="PixelShader.hlsl">
      <Filter>App\Shaders\EarthShader</Filter>
    </FxCompile>
    <FxCompile Include="PointLightVertexShader.hlsl">
      <Filter>App\Shaders\PointLightShader</Filter>
    </FxCompile>
    <FxCompile Include="PointLightPixelShader.hlsl">
      <Filter>App\Shaders\PointLightShader</Filter>
    </FxCompile>
  </ItemGroup>
</Project>